
Microsoft Visual Studio Solution File, Format Version 11.00
# Visual Studio 2010
Project("{FAE04EC0-301F-11D3-BF4B-00C04F79EFBC}") = "AstarPathfindingProject", "AstarPathfindingProject.csproj", "{3D4470E1-E92F-9530-7A42-691D6FDAABC7}"
EndProject
Project("{FAE04EC0-301F-11D3-BF4B-00C04F79EFBC}") = "Assembly-CSharp", "Assembly-CSharp.csproj", "{9143DD05-85CE-15E3-BA1C-EB2AC1DF7586}"
EndProject
Project("{FAE04EC0-301F-11D3-BF4B-00C04F79EFBC}") = "PackageToolsEditor", "PackageToolsEditor.csproj", "{18C046F5-6FE5-342F-4165-1EE59DA41D7F}"
EndProject
Project("{FAE04EC0-301F-11D3-BF4B-00C04F79EFBC}") = "AstarPathfindingProjectEditor", "AstarPathfindingProjectEditor.csproj", "{BC17974E-6952-9EED-4BC4-F2EEE381DDC1}"
EndProject
Global
	GlobalSection(SolutionConfigurationPlatforms) = preSolution
		Debug|Any CPU = Debug|Any CPU
		Release|Any CPU = Release|Any CPU
	EndGlobalSection
	GlobalSection(ProjectConfigurationPlatforms) = postSolution
		{3D4470E1-E92F-9530-7A42-691D6FDAABC7}.Debug|Any CPU.ActiveCfg = Debug|Any CPU
		{3D4470E1-E92F-9530-7A42-691D6FDAABC7}.Debug|Any CPU.Build.0 = Debug|Any CPU
		{3D4470E1-E92F-9530-7A42-691D6FDAABC7}.Release|Any CPU.ActiveCfg = Release|Any CPU
		{3D4470E1-E92F-9530-7A42-691D6FDAABC7}.Release|Any CPU.Build.0 = Release|Any CPU
		{9143DD05-85CE-15E3-BA1C-EB2AC1DF7586}.Debug|Any CPU.ActiveCfg = Debug|Any CPU
		{9143DD05-85CE-15E3-BA1C-EB2AC1DF7586}.Debug|Any CPU.Build.0 = Debug|Any CPU
		{9143DD05-85CE-15E3-BA1C-EB2AC1DF7586}.Release|Any CPU.ActiveCfg = Release|Any CPU
		{9143DD05-85CE-15E3-BA1C-EB2AC1DF7586}.Release|Any CPU.Build.0 = Release|Any CPU
		{18C046F5-6FE5-342F-4165-1EE59DA41D7F}.Debug|Any CPU.ActiveCfg = Debug|Any CPU
		{18C046F5-6FE5-342F-4165-1EE59DA41D7F}.Debug|Any CPU.Build.0 = Debug|Any CPU
		{18C046F5-6FE5-342F-4165-1EE59DA41D7F}.Release|Any CPU.ActiveCfg = Release|Any CPU
		{18C046F5-6FE5-342F-4165-1EE59DA41D7F}.Release|Any CPU.Build.0 = Release|Any CPU
		{BC17974E-6952-9EED-4BC4-F2EEE381DDC1}.Debug|Any CPU.ActiveCfg = Debug|Any CPU
		{BC17974E-6952-9EED-4BC4-F2EEE381DDC1}.Debug|Any CPU.Build.0 = Debug|Any CPU
		{BC17974E-6952-9EED-4BC4-F2EEE381DDC1}.Release|Any CPU.ActiveCfg = Release|Any CPU
		{BC17974E-6952-9EED-4BC4-F2EEE381DDC1}.Release|Any CPU.Build.0 = Release|Any CPU
	EndGlobalSection
	GlobalSection(SolutionProperties) = preSolution
		HideSolutionNode = FALSE
	EndGlobalSection
EndGlobal
